
Microsoft Visual Studio Solution File, Format Version 12.00
# Visual Studio Version 17
VisualStudioVersion = 17.7.34221.43
MinimumVisualStudioVersion = 10.0.40219.1
Project("{FAE04EC0-301F-11D3-BF4B-00C04F79EFBC}") = "WebAPIAutores", "WebAPIAutores\WebAPIAutores.csproj", "{9A72EEF9-BAA1-47B4-8861-73FE8D81B210}"
EndProject
Global
	GlobalSection(SolutionConfigurationPlatforms) = preSolution
		Debug|Any CPU = Debug|Any CPU
		Release|Any CPU = Release|Any CPU
	EndGlobalSection
	GlobalSection(ProjectConfigurationPlatforms) = postSolution
		{9A72EEF9-BAA1-47B4-8861-73FE8D81B210}.Debug|Any CPU.ActiveCfg = Debug|Any CPU
		{9A72EEF9-BAA1-47B4-8861-73FE8D81B210}.Debug|Any CPU.Build.0 = Debug|Any CPU
		{9A72EEF9-BAA1-47B4-8861-73FE8D81B210}.Release|Any CPU.ActiveCfg = Release|Any CPU
		{9A72EEF9-BAA1-47B4-8861-73FE8D81B210}.Release|Any CPU.Build.0 = Release|Any CPU
	EndGlobalSection
	GlobalSection(SolutionProperties) = preSolution
		HideSolutionNode = FALSE
	EndGlobalSection
	GlobalSection(ExtensibilityGlobals) = postSolution
		SolutionGuid = {12B19C73-2E69-493F-8B6E-8FCDBF09B2EF}
	EndGlobalSection
EndGlobal
